# This file was autogenerated by Stack.
# You should not edit this file by hand.
# For more information, please see the documentation at:
#   https://docs.haskellstack.org/en/stable/lock_files

packages:
- completed:
    hackage: brick-0.50.1@sha256:69096f79fae62d26a9fc216427840fa795ee0d2ffd93fa52718d81a7333e1c66,13919
    pantry-tree:
      size: 3752
      sha256: 04fd573862f84b13c7848dee7c5e1be8e2e22abef8462c819384d04f5f4ce07c
  original:
    hackage: brick-0.50.1@sha256:69096f79fae62d26a9fc216427840fa795ee0d2ffd93fa52718d81a7333e1c66,13919
snapshots:
- completed:
    size: 524799
    url: https://raw.githubusercontent.com/commercialhaskell/stackage-snapshots/master/lts/14/17.yaml
    sha256: 1d72b33c0fc048e23f4f18fd76a6ad79dd1d8a3c054644098a71a09855e40c7c
  original: lts-14.17
